{
  "name": "daheappv2",
  "version": "1.0.0",
  "lockfileVersion": 3,
  "requires": true,
  "packages": {
    "": {
      "name": "daheappv2",
      "version": "1.0.0",
      "license": "ISC",
      "dependencies": {
        "tdesign-uniapp": "^0.6.3"
      }
    },
    "node_modules/tdesign-uniapp": {
      "version": "0.6.3",
      "resolved": "https://registry.npmmirror.com/tdesign-uniapp/-/tdesign-uniapp-0.6.3.tgz",
      "integrity": "sha512-uIZXbP8JhjqkB6FFXIVHyDIQTQ5ICmF2pB59Mo1Q2CYX/33BV3EN3HjYq9zSN6hn7qbV7a4uv8U/x/gLjWly1w==",
      "hasInstallScript": true,
      "license": "MIT"
    }
  }
}
